
Microsoft Visual Studio Solution File, Format Version 12.00
# Visual Studio Version 18
VisualStudioVersion = 18.0.11217.181 d18.0
MinimumVisualStudioVersion = 10.0.40219.1
Project("{9A19103F-16F7-4668-BE54-9A1E7A4F7556}") = "SAM.Core.Multitasker", "SAM_Multitasker\SAM.Core.Multitasker\SAM.Core.Multitasker.csproj", "{78AF5CEA-E96A-496D-BDB1-A64629D0659C}"
EndProject
Project("{2150E333-8FDC-42A3-9474-1A3956D46DE8}") = "SAM_Multitasker", "SAM_Multitasker", "{306B553C-0881-42DD-8074-1252D62C62B6}"
EndProject
Project("{2150E333-8FDC-42A3-9474-1A3956D46DE8}") = "Grasshopper", "Grasshopper", "{5A9CD84D-24B3-40BD-A993-78F6C04B2E0A}"
EndProject
Project("{9A19103F-16F7-4668-BE54-9A1E7A4F7556}") = "SAM.Analytical.Multitasker", "SAM_Multitasker\SAM.Analytical.Multitasker\SAM.Analytical.Multitasker.csproj", "{B62F564C-072B-4088-8EFB-2CF9146F5609}"
EndProject
Project("{9A19103F-16F7-4668-BE54-9A1E7A4F7556}") = "SAM.Analytical.Grasshopper.Multitasker", "Grasshopper\SAM.Analytical.Grasshopper.Multitasker\SAM.Analytical.Grasshopper.Multitasker.csproj", "{8084CC3C-DC93-4973-BE69-A7ACF26EBD39}"
EndProject
Project("{9A19103F-16F7-4668-BE54-9A1E7A4F7556}") = "SAM.Core.Grasshopper.Multitasker", "Grasshopper\SAM.Core.Grasshopper.Multitasker\SAM.Core.Grasshopper.Multitasker.csproj", "{48FBB25C-D9FD-497A-A031-048D61179B31}"
EndProject
Project("{2150E333-8FDC-42A3-9474-1A3956D46DE8}") = "Solution Items", "Solution Items", "{C4B5C009-45E8-4702-90BF-D269C4417BAE}"
	ProjectSection(SolutionItems) = preProject
		.editorconfig = .editorconfig
	EndProjectSection
EndProject
Global
	GlobalSection(SolutionConfigurationPlatforms) = preSolution
		Debug|Any CPU = Debug|Any CPU
		Release|Any CPU = Release|Any CPU
	EndGlobalSection
	GlobalSection(ProjectConfigurationPlatforms) = postSolution
		{78AF5CEA-E96A-496D-BDB1-A64629D0659C}.Debug|Any CPU.ActiveCfg = Debug|Any CPU
		{78AF5CEA-E96A-496D-BDB1-A64629D0659C}.Debug|Any CPU.Build.0 = Debug|Any CPU
		{78AF5CEA-E96A-496D-BDB1-A64629D0659C}.Release|Any CPU.ActiveCfg = Release|Any CPU
		{78AF5CEA-E96A-496D-BDB1-A64629D0659C}.Release|Any CPU.Build.0 = Release|Any CPU
		{B62F564C-072B-4088-8EFB-2CF9146F5609}.Debug|Any CPU.ActiveCfg = Debug|Any CPU
		{B62F564C-072B-4088-8EFB-2CF9146F5609}.Debug|Any CPU.Build.0 = Debug|Any CPU
		{B62F564C-072B-4088-8EFB-2CF9146F5609}.Release|Any CPU.ActiveCfg = Release|Any CPU
		{B62F564C-072B-4088-8EFB-2CF9146F5609}.Release|Any CPU.Build.0 = Release|Any CPU
		{8084CC3C-DC93-4973-BE69-A7ACF26EBD39}.Debug|Any CPU.ActiveCfg = Debug|Any CPU
		{8084CC3C-DC93-4973-BE69-A7ACF26EBD39}.Debug|Any CPU.Build.0 = Debug|Any CPU
		{8084CC3C-DC93-4973-BE69-A7ACF26EBD39}.Release|Any CPU.ActiveCfg = Release|Any CPU
		{8084CC3C-DC93-4973-BE69-A7ACF26EBD39}.Release|Any CPU.Build.0 = Release|Any CPU
		{48FBB25C-D9FD-497A-A031-048D61179B31}.Debug|Any CPU.ActiveCfg = Debug|Any CPU
		{48FBB25C-D9FD-497A-A031-048D61179B31}.Debug|Any CPU.Build.0 = Debug|Any CPU
		{48FBB25C-D9FD-497A-A031-048D61179B31}.Release|Any CPU.ActiveCfg = Release|Any CPU
		{48FBB25C-D9FD-497A-A031-048D61179B31}.Release|Any CPU.Build.0 = Release|Any CPU
	EndGlobalSection
	GlobalSection(SolutionProperties) = preSolution
		HideSolutionNode = FALSE
	EndGlobalSection
	GlobalSection(NestedProjects) = preSolution
		{78AF5CEA-E96A-496D-BDB1-A64629D0659C} = {306B553C-0881-42DD-8074-1252D62C62B6}
		{B62F564C-072B-4088-8EFB-2CF9146F5609} = {306B553C-0881-42DD-8074-1252D62C62B6}
		{8084CC3C-DC93-4973-BE69-A7ACF26EBD39} = {5A9CD84D-24B3-40BD-A993-78F6C04B2E0A}
		{48FBB25C-D9FD-497A-A031-048D61179B31} = {5A9CD84D-24B3-40BD-A993-78F6C04B2E0A}
	EndGlobalSection
	GlobalSection(ExtensibilityGlobals) = postSolution
		SolutionGuid = {660015E8-D301-481F-9FA7-1D12BE8DE824}
	EndGlobalSection
EndGlobal
